// !$*UTF8*$!
{
	archiveVersion = 1;
	classes = {
	};
	objectVersion = 50;
	objects = {

/* Begin PBXBuildFile section */
		D91E8F142439BF9E00720F6D /* AppDelegate.swift in Sources */ = {isa = PBXBuildFile; fileRef = D91E8F132439BF9E00720F6D /* AppDelegate.swift */; };
		D91E8F162439BF9E00720F6D /* SceneDelegate.swift in Sources */ = {isa = PBXBuildFile; fileRef = D91E8F152439BF9E00720F6D /* SceneDelegate.swift */; };
		D91E8F182439BF9E00720F6D /* ViewController.swift in Sources */ = {isa = PBXBuildFile; fileRef = D91E8F172439BF9E00720F6D /* ViewController.swift */; };
		D91E8F1B2439BF9E00720F6D /* Main.storyboard in Resources */ = {isa = PBXBuildFile; fileRef = D91E8F192439BF9E00720F6D /* Main.storyboard */; };
		D91E8F1D2439BFA100720F6D /* Assets.xcassets in Resources */ = {isa = PBXBuildFile; fileRef = D91E8F1C2439BFA100720F6D /* Assets.xcassets */; };
		D91E8F202439BFA100720F6D /* LaunchScreen.storyboard in Resources */ = {isa = PBXBuildFile; fileRef = D91E8F1E2439BFA100720F6D /* LaunchScreen.storyboard */; };
		D91E8F2B2439BFA200720F6D /* Project_3___Is_primeTests.swift in Sources */ = {isa = PBXBuildFile; fileRef = D91E8F2A2439BFA200720F6D /* Project_3___Is_primeTests.swift */; };
		D91E8F362439BFA200720F6D /* Project_3___Is_primeUITests.swift in Sources */ = {isa = PBXBuildFile; fileRef = D91E8F352439BFA200720F6D /* Project_3___Is_primeUITests.swift */; };
/* End PBXBuildFile section */

/* Begin PBXContainerItemProxy section */
		D91E8F272439BFA200720F6D /* PBXContainerItemProxy */ = {
			isa = PBXContainerItemProxy;
			containerPortal = D91E8F082439BF9E00720F6D /* Project object */;
			proxyType = 1;
			remoteGlobalIDString = D91E8F0F2439BF9E00720F6D;
			remoteInfo = "Project 3 - Is prime";
		};
		D91E8F322439BFA200720F6D /* PBXContainerItemProxy */ = {
			isa = PBXContainerItemProxy;
			containerPortal = D91E8F082439BF9E00720F6D /* Project object */;
			proxyType = 1;
			remoteGlobalIDString = D91E8F0F2439BF9E00720F6D;
			remoteInfo = "Project 3 - Is prime";
		};
/* End PBXContainerItemProxy section */

/* Begin PBXFileReference section */
		D91E8F102439BF9E00720F6D /* Project 3 - Is prime.app */ = {isa = PBXFileReference; explicitFileType = wrapper.application; includeInIndex = 0; path = "Project 3 - Is prime.app"; sourceTree = BUILT_PRODUCTS_DIR; };
		D91E8F132439BF9E00720F6D /* AppDelegate.swift */ = {isa = PBXFileReference; lastKnownFileType = sourcecode.swift; path = AppDelegate.swift; sourceTree = "<group>"; };
		D91E8F152439BF9E00720F6D /* SceneDelegate.swift */ = {isa = PBXFileReference; lastKnownFileType = sourcecode.swift; path = SceneDelegate.swift; sourceTree = "<group>"; };
		D91E8F172439BF9E00720F6D /* ViewController.swift */ = {isa = PBXFileReference; lastKnownFileType = sourcecode.swift; path = ViewController.swift; sourceTree = "<group>"; };
		D91E8F1A2439BF9E00720F6D /* Base */ = {isa = PBXFileReference; lastKnownFileType = file.storyboard; name = Base; path = Base.lproj/Main.storyboard; sourceTree = "<group>"; };
		D91E8F1C2439BFA100720F6D /* Assets.xcassets */ = {isa = PBXFileReference; lastKnownFileType = folder.assetcatalog; path = Assets.xcassets; sourceTree = "<group>"; };
		D91E8F1F2439BFA100720F6D /* Base */ = {isa = PBXFileReference; lastKnownFileType = file.storyboard; name = Base; path = Base.lproj/LaunchScreen.storyboard; sourceTree = "<group>"; };
		D91E8F212439BFA100720F6D /* Info.plist */ = {isa = PBXFileReference; lastKnownFileType = text.plist.xml; path = Info.plist; sourceTree = "<group>"; };
		D91E8F262439BFA200720F6D /* Project 3 - Is primeTests.xctest */ = {isa = PBXFileReference; explicitFileType = wrapper.cfbundle; includeInIndex = 0; path = "Project 3 - Is primeTests.xctest"; sourceTree = BUILT_PRODUCTS_DIR; };
		D91E8F2A2439BFA200720F6D /* Project_3___Is_primeTests.swift */ = {isa = PBXFileReference; lastKnownFileType = sourcecode.swift; path = "Project_3___Is_primeTests.swift"; sourceTree = "<group>"; };
		D91E8F2C2439BFA200720F6D /* Info.plist */ = {isa = PBXFileReference; lastKnownFileType = text.plist.xml; path = Info.plist; sourceTree = "<group>"; };
		D91E8F312439BFA200720F6D /* Project 3 - Is primeUITests.xctest */ = {isa = PBXFileReference; explicitFileType = wrapper.cfbundle; includeInIndex = 0; path = "Project 3 - Is primeUITests.xctest"; sourceTree = BUILT_PRODUCTS_DIR; };
		D91E8F352439BFA200720F6D /* Project_3___Is_primeUITests.swift */ = {isa = PBXFileReference; lastKnownFileType = sourcecode.swift; path = "Project_3___Is_primeUITests.swift"; sourceTree = "<group>"; };
		D91E8F372439BFA200720F6D /* Info.plist */ = {isa = PBXFileReference; lastKnownFileType = text.plist.xml; path = Info.plist; sourceTree = "<group>"; };
/* End PBXFileReference section */

/* Begin PBXFrameworksBuildPhase section */
		D91E8F0D2439BF9E00720F6D /* Frameworks */ = {
			isa = PBXFrameworksBuildPhase;
			buildActionMask = 2147483647;
			files = (
			);
			runOnlyForDeploymentPostprocessing = 0;
		};
		D91E8F232439BFA200720F6D /* Frameworks */ = {
			isa = PBXFrameworksBuildPhase;
			buildActionMask = 2147483647;
			files = (
			);
			runOnlyForDeploymentPostprocessing = 0;
		};
		D91E8F2E2439BFA200720F6D /* Frameworks */ = {
			isa = PBXFrameworksBuildPhase;
			buildActionMask = 2147483647;
			files = (
			);
			runOnlyForDeploymentPostprocessing = 0;
		};
/* End PBXFrameworksBuildPhase section */

/* Begin PBXGroup section */
		D91E8F072439BF9E00720F6D = {
			isa = PBXGroup;
			children = (
				D91E8F122439BF9E00720F6D /* Project 3 - Is prime */,
				D91E8F292439BFA200720F6D /* Project 3 - Is primeTests */,
				D91E8F342439BFA200720F6D /* Project 3 - Is primeUITests */,
				D91E8F112439BF9E00720F6D /* Products */,
			);
			sourceTree = "<group>";
		};
		D91E8F112439BF9E00720F6D /* Products */ = {
			isa = PBXGroup;
			children = (
				D91E8F102439BF9E00720F6D /* Project 3 - Is prime.app */,
				D91E8F262439BFA200720F6D /* Project 3 - Is primeTests.xctest */,
				D91E8F312439BFA200720F6D /* Project 3 - Is primeUITests.xctest */,
			);
			name = Products;
			sourceTree = "<group>";
		};
		D91E8F122439BF9E00720F6D /* Project 3 - Is prime */ = {
			isa = PBXGroup;
			children = (
				D91E8F132439BF9E00720F6D /* AppDelegate.swift */,
				D91E8F152439BF9E00720F6D /* SceneDelegate.swift */,
				D91E8F172439BF9E00720F6D /* ViewController.swift */,
				D91E8F192439BF9E00720F6D /* Main.storyboard */,
				D91E8F1C2439BFA100720F6D /* Assets.xcassets */,
				D91E8F1E2439BFA100720F6D /* LaunchScreen.storyboard */,
				D91E8F212439BFA100720F6D /* Info.plist */,
			);
			path = "Project 3 - Is prime";
			sourceTree = "<group>";
		};
		D91E8F292439BFA200720F6D /* Project 3 - Is primeTests */ = {
			isa = PBXGroup;
			children = (
				D91E8F2A2439BFA200720F6D /* Project_3___Is_primeTests.swift */,
				D91E8F2C2439BFA200720F6D /* Info.plist */,
			);
			path = "Project 3 - Is primeTests";
			sourceTree = "<group>";
		};
		D91E8F342439BFA200720F6D /* Project 3 - Is primeUITests */ = {
			isa = PBXGroup;
			children = (
				D91E8F352439BFA200720F6D /* Project_3___Is_primeUITests.swift */,
				D91E8F372439BFA200720F6D /* Info.plist */,
			);
			path = "Project 3 - Is primeUITests";
			sourceTree = "<group>";
		};
/* End PBXGroup section */

/* Begin PBXNativeTarget section */
		D91E8F0F2439BF9E00720F6D /* Project 3 - Is prime */ = {
			isa = PBXNativeTarget;
			buildConfigurationList = D91E8F3A2439BFA200720F6D /* Build configuration list for PBXNativeTarget "Project 3 - Is prime" */;
			buildPhases = (
				D91E8F0C2439BF9E00720F6D /* Sources */,
				D91E8F0D2439BF9E00720F6D /* Frameworks */,
				D91E8F0E2439BF9E00720F6D /* Resources */,
			);
			buildRules = (
			);
			dependencies = (
			);
			name = "Project 3 - Is prime";
			productName = "Project 3 - Is prime";
			productReference = D91E8F102439BF9E00720F6D /* Project 3 - Is prime.app */;
			productType = "com.apple.product-type.application";
		};
		D91E8F252439BFA200720F6D /* Project 3 - Is primeTests */ = {
			isa = PBXNativeTarget;
			buildConfigurationList = D91E8F3D2439BFA200720F6D /* Build configuration list for PBXNativeTarget "Project 3 - Is primeTests" */;
			buildPhases = (
				D91E8F222439BFA200720F6D /* Sources */,
				D91E8F232439BFA200720F6D /* Frameworks */,
				D91E8F242439BFA200720F6D /* Resources */,
			);
			buildRules = (
			);
			dependencies = (
				D91E8F282439BFA200720F6D /* PBXTargetDependency */,
			);
			name = "Project 3 - Is primeTests";
			productName = "Project 3 - Is primeTests";
			productReference = D91E8F262439BFA200720F6D /* Project 3 - Is primeTests.xctest */;
			productType = "com.apple.product-type.bundle.unit-test";
		};
		D91E8F302439BFA200720F6D /* Project 3 - Is primeUITests */ = {
			isa = PBXNativeTarget;
			buildConfigurationList = D91E8F402439BFA200720F6D /* Build configuration list for PBXNativeTarget "Project 3 - Is primeUITests" */;
			buildPhases = (
				D91E8F2D2439BFA200720F6D /* Sources */,
				D91E8F2E2439BFA200720F6D /* Frameworks */,
				D91E8F2F2439BFA200720F6D /* Resources */,
			);
			buildRules = (
			);
			dependencies = (
				D91E8F332439BFA200720F6D /* PBXTargetDependency */,
			);
			name = "Project 3 - Is primeUITests";
			productName = "Project 3 - Is primeUITests";
			productReference = D91E8F312439BFA200720F6D /* Project 3 - Is primeUITests.xctest */;
			productType = "com.apple.product-type.bundle.ui-testing";
		};
/* End PBXNativeTarget section */

/* Begin PBXProject section */
		D91E8F082439BF9E00720F6D /* Project object */ = {
			isa = PBXProject;
			attributes = {
				LastSwiftUpdateCheck = 1140;
				LastUpgradeCheck = 1140;
				ORGANIZATIONNAME = "Vladimir Belchenko";
				TargetAttributes = {
					D91E8F0F2439BF9E00720F6D = {
						CreatedOnToolsVersion = 11.4;
					};
					D91E8F252439BFA200720F6D = {
						CreatedOnToolsVersion = 11.4;
						TestTargetID = D91E8F0F2439BF9E00720F6D;
					};
					D91E8F302439BFA200720F6D = {
						CreatedOnToolsVersion = 11.4;
						TestTargetID = D91E8F0F2439BF9E00720F6D;
					};
				};
			};
			buildConfigurationList = D91E8F0B2439BF9E00720F6D /* Build configuration list for PBXProject "Project 3 - Is prime" */;
			compatibilityVersion = "Xcode 9.3";
			developmentRegion = en;
			hasScannedForEncodings = 0;
			knownRegions = (
				en,
				Base,
			);
			mainGroup = D91E8F072439BF9E00720F6D;
			productRefGroup = D91E8F112439BF9E00720F6D /* Products */;
			projectDirPath = "";
			projectRoot = "";
			targets = (
				D91E8F0F2439BF9E00720F6D /* Project 3 - Is prime */,
				D91E8F252439BFA200720F6D /* Project 3 - Is primeTests */,
				D91E8F302439BFA200720F6D /* Project 3 - Is primeUITests */,
			);
		};
/* End PBXProject section */

/* Begin PBXResourcesBuildPhase section */
		D91E8F0E2439BF9E00720F6D /* Resources */ = {
			isa = PBXResourcesBuildPhase;
			buildActionMask = 2147483647;
			files = (
				D91E8F202439BFA100720F6D /* LaunchScreen.storyboard in Resources */,
				D91E8F1D2439BFA100720F6D /* Assets.xcassets in Resources */,
				D91E8F1B2439BF9E00720F6D /* Main.storyboard in Resources */,
			);
			runOnlyForDeploymentPostprocessing = 0;
		};
		D91E8F242439BFA200720F6D /* Resources */ = {
			isa = PBXResourcesBuildPhase;
			buildActionMask = 2147483647;
			files = (
			);
			runOnlyForDeploymentPostprocessing = 0;
		};
		D91E8F2F2439BFA200720F6D /* Resources */ = {
			isa = PBXResourcesBuildPhase;
			buildActionMask = 2147483647;
			files = (
			);
			runOnlyForDeploymentPostprocessing = 0;
		};
/* End PBXResourcesBuildPhase section */

/* Begin PBXSourcesBuildPhase section */
		D91E8F0C2439BF9E00720F6D /* Sources */ = {
			isa = PBXSourcesBuildPhase;
			buildActionMask = 2147483647;
			files = (
				D91E8F182439BF9E00720F6D /* ViewController.swift in Sources */,
				D91E8F142439BF9E00720F6D /* AppDelegate.swift in Sources */,
				D91E8F162439BF9E00720F6D /* SceneDelegate.swift in Sources */,
			);
			runOnlyForDeploymentPostprocessing = 0;
		};
		D91E8F222439BFA200720F6D /* Sources */ = {
			isa = PBXSourcesBuildPhase;
			buildActionMask = 2147483647;
			files = (
				D91E8F2B2439BFA200720F6D /* Project_3___Is_primeTests.swift in Sources */,
			);
			runOnlyForDeploymentPostprocessing = 0;
		};
		D91E8F2D2439BFA200720F6D /* Sources */ = {
			isa = PBXSourcesBuildPhase;
			buildActionMask = 2147483647;
			files = (
				D91E8F362439BFA200720F6D /* Project_3___Is_primeUITests.swift in Sources */,
			);
			runOnlyForDeploymentPostprocessing = 0;
		};
/* End PBXSourcesBuildPhase section */

/* Begin PBXTargetDependency section */
		D91E8F282439BFA200720F6D /* PBXTargetDependency */ = {
			isa = PBXTargetDependency;
			target = D91E8F0F2439BF9E00720F6D /* Project 3 - Is prime */;
			targetProxy = D91E8F272439BFA200720F6D /* PBXContainerItemProxy */;
		};
		D91E8F332439BFA200720F6D /* PBXTargetDependency */ = {
			isa = PBXTargetDependency;
			target = D91E8F0F2439BF9E00720F6D /* Project 3 - Is prime */;
			targetProxy = D91E8F322439BFA200720F6D /* PBXContainerItemProxy */;
		};
/* End PBXTargetDependency section */

/* Begin PBXVariantGroup section */
		D91E8F192439BF9E00720F6D /* Main.storyboard */ = {
			isa = PBXVariantGroup;
			children = (
				D91E8F1A2439BF9E00720F6D /* Base */,
			);
			name = Main.storyboard;
			sourceTree = "<group>";
		};
		D91E8F1E2439BFA100720F6D /* LaunchScreen.storyboard */ = {
			isa = PBXVariantGroup;
			children = (
				D91E8F1F2439BFA100720F6D /* Base */,
			);
			name = LaunchScreen.storyboard;
			sourceTree = "<group>";
		};
/* End PBXVariantGroup section */

/* Begin XCBuildConfiguration section */
		D91E8F382439BFA200720F6D /* Debug */ = {
			isa = XCBuildConfiguration;
			buildSettings = {
				ALWAYS_SEARCH_USER_PATHS = NO;
				CLANG_ANALYZER_NONNULL = YES;
				CLANG_ANALYZER_NUMBER_OBJECT_CONVERSION = YES_AGGRESSIVE;
				CLANG_CXX_LANGUAGE_STANDARD = "gnu++14";
				CLANG_CXX_LIBRARY = "libc++";
				CLANG_ENABLE_MODULES = YES;
				CLANG_ENABLE_OBJC_ARC = YES;
				CLANG_ENABLE_OBJC_WEAK = YES;
				CLANG_WARN_BLOCK_CAPTURE_AUTORELEASING = YES;
				CLANG_WARN_BOOL_CONVERSION = YES;
				CLANG_WARN_COMMA = YES;
				CLANG_WARN_CONSTANT_CONVERSION = YES;
				CLANG_WARN_DEPRECATED_OBJC_IMPLEMENTATIONS = YES;
				CLANG_WARN_DIRECT_OBJC_ISA_USAGE = YES_ERROR;
				CLANG_WARN_DOCUMENTATION_COMMENTS = YES;
				CLANG_WARN_EMPTY_BODY = YES;
				CLANG_WARN_ENUM_CONVERSION = YES;
				CLANG_WARN_INFINITE_RECURSION = YES;
				CLANG_WARN_INT_CONVERSION = YES;
				CLANG_WARN_NON_LITERAL_NULL_CONVERSION = YES;
				CLANG_WARN_OBJC_IMPLICIT_RETAIN_SELF = YES;
				CLANG_WARN_OBJC_LITERAL_CONVERSION = YES;
				CLANG_WARN_OBJC_ROOT_CLASS = YES_ERROR;
				CLANG_WARN_RANGE_LOOP_ANALYSIS = YES;
				CLANG_WARN_STRICT_PROTOTYPES = YES;
				CLANG_WARN_SUSPICIOUS_MOVE = YES;
				CLANG_WARN_UNGUARDED_AVAILABILITY = YES_AGGRESSIVE;
				CLANG_WARN_UNREACHABLE_CODE = YES;
				CLANG_WARN__DUPLICATE_METHOD_MATCH = YES;
				COPY_PHASE_STRIP = NO;
				DEBUG_INFORMATION_FORMAT = dwarf;
				ENABLE_STRICT_OBJC_MSGSEND = YES;
				ENABLE_TESTABILITY = YES;
				GCC_C_LANGUAGE_STANDARD = gnu11;
				GCC_DYNAMIC_NO_PIC = NO;
				GCC_NO_COMMON_BLOCKS = YES;
				GCC_OPTIMIZATION_LEVEL = 0;
				GCC_PREPROCESSOR_DEFINITIONS = (
					"DEBUG=1",
					"$(inherited)",
				);
				GCC_WARN_64_TO_32_BIT_CONVERSION = YES;
				GCC_WARN_ABOUT_RETURN_TYPE = YES_ERROR;
				GCC_WARN_UNDECLARED_SELECTOR = YES;
				GCC_WARN_UNINITIALIZED_AUTOS = YES_AGGRESSIVE;
				GCC_WARN_UNUSED_FUNCTION = YES;
				GCC_WARN_UNUSED_VARIABLE = YES;
				IPHONEOS_DEPLOYMENT_TARGET = 13.4;
				MTL_ENABLE_DEBUG_INFO = INCLUDE_SOURCE;
				MTL_FAST_MATH = YES;
				ONLY_ACTIVE_ARCH = YES;
				SDKROOT = iphoneos;
				SWIFT_ACTIVE_COMPILATION_CONDITIONS = DEBUG;
				SWIFT_OPTIMIZATION_LEVEL = "-Onone";
			};
			name = Debug;
		};
		D91E8F392439BFA200720F6D /* Release */ = {
			isa = XCBuildConfiguration;
			buildSettings = {
				ALWAYS_SEARCH_USER_PATHS = NO;
				CLANG_ANALYZER_NONNULL = YES;
				CLANG_ANALYZER_NUMBER_OBJECT_CONVERSION = YES_AGGRESSIVE;
				CLANG_CXX_LANGUAGE_STANDARD = "gnu++14";
				CLANG_CXX_LIBRARY = "libc++";
				CLANG_ENABLE_MODULES = YES;
				CLANG_ENABLE_OBJC_ARC = YES;
				CLANG_ENABLE_OBJC_WEAK = YES;
				CLANG_WARN_BLOCK_CAPTURE_AUTORELEASING = YES;
				CLANG_WARN_BOOL_CONVERSION = YES;
				CLANG_WARN_COMMA = YES;
				CLANG_WARN_CONSTANT_CONVERSION = YES;
				CLANG_WARN_DEPRECATED_OBJC_IMPLEMENTATIONS = YES;
				CLANG_WARN_DIRECT_OBJC_ISA_USAGE = YES_ERROR;
				CLANG_WARN_DOCUMENTATION_COMMENTS = YES;
				CLANG_WARN_EMPTY_BODY = YES;
				CLANG_WARN_ENUM_CONVERSION = YES;
				CLANG_WARN_INFINITE_RECURSION = YES;
				CLANG_WARN_INT_CONVERSION = YES;
				CLANG_WARN_NON_LITERAL_NULL_CONVERSION = YES;
				CLANG_WARN_OBJC_IMPLICIT_RETAIN_SELF = YES;
				CLANG_WARN_OBJC_LITERAL_CONVERSION = YES;
				CLANG_WARN_OBJC_ROOT_CLASS = YES_ERROR;
				CLANG_WARN_RANGE_LOOP_ANALYSIS = YES;
				CLANG_WARN_STRICT_PROTOTYPES = YES;
				CLANG_WARN_SUSPICIOUS_MOVE = YES;
				CLANG_WARN_UNGUARDED_AVAILABILITY = YES_AGGRESSIVE;
				CLANG_WARN_UNREACHABLE_CODE = YES;
				CLANG_WARN__DUPLICATE_METHOD_MATCH = YES;
				COPY_PHASE_STRIP = NO;
				DEBUG_INFORMATION_FORMAT = "dwarf-with-dsym";
				ENABLE_NS_ASSERTIONS = NO;
				ENABLE_STRICT_OBJC_MSGSEND = YES;
				GCC_C_LANGUAGE_STANDARD = gnu11;
				GCC_NO_COMMON_BLOCKS = YES;
				GCC_WARN_64_TO_32_BIT_CONVERSION = YES;
				GCC_WARN_ABOUT_RETURN_TYPE = YES_ERROR;
				GCC_WARN_UNDECLARED_SELECTOR = YES;
				GCC_WARN_UNINITIALIZED_AUTOS = YES_AGGRESSIVE;
				GCC_WARN_UNUSED_FUNCTION = YES;
				GCC_WARN_UNUSED_VARIABLE = YES;
				IPHONEOS_DEPLOYMENT_TARGET = 13.4;
				MTL_ENABLE_DEBUG_INFO = NO;
				MTL_FAST_MATH = YES;
				SDKROOT = iphoneos;
				SWIFT_COMPILATION_MODE = wholemodule;
				SWIFT_OPTIMIZATION_LEVEL = "-O";
				VALIDATE_PRODUCT = YES;
			};
			name = Release;
		};
		D91E8F3B2439BFA200720F6D /* Debug */ = {
			isa = XCBuildConfiguration;
			buildSettings = {
				ASSETCATALOG_COMPILER_APPICON_NAME = AppIcon;
				CODE_SIGN_STYLE = Automatic;
				INFOPLIST_FILE = "Project 3 - Is prime/Info.plist";
				LD_RUNPATH_SEARCH_PATHS = (
					"$(inherited)",
					"@executable_path/Frameworks",
				);
				PRODUCT_BUNDLE_IDENTIFIER = "com.vladimirbelchenko.Project-3---Is-prime";
				PRODUCT_NAME = "$(TARGET_NAME)";
				SWIFT_VERSION = 5.0;
				TARGETED_DEVICE_FAMILY = "1,2";
			};
			name = Debug;
		};
		D91E8F3C2439BFA200720F6D /* Release */ = {
			isa = XCBuildConfiguration;
			buildSettings = {
				ASSETCATALOG_COMPILER_APPICON_NAME = AppIcon;
				CODE_SIGN_STYLE = Automatic;
				INFOPLIST_FILE = "Project 3 - Is prime/Info.plist";
				LD_RUNPATH_SEARCH_PATHS = (
					"$(inherited)",
					"@executable_path/Frameworks",
				);
				PRODUCT_BUNDLE_IDENTIFIER = "com.vladimirbelchenko.Project-3---Is-prime";
				PRODUCT_NAME = "$(TARGET_NAME)";
				SWIFT_VERSION = 5.0;
				TARGETED_DEVICE_FAMILY = "1,2";
			};
			name = Release;
		};
		D91E8F3E2439BFA200720F6D /* Debug */ = {
			isa = XCBuildConfiguration;
			buildSettings = {
				ALWAYS_EMBED_SWIFT_STANDARD_LIBRARIES = YES;
				BUNDLE_LOADER = "$(TEST_HOST)";
				CODE_SIGN_STYLE = Automatic;
				INFOPLIST_FILE = "Project 3 - Is primeTests/Info.plist";
				IPHONEOS_DEPLOYMENT_TARGET = 13.4;
				LD_RUNPATH_SEARCH_PATHS = (
					"$(inherited)",
					"@executable_path/Frameworks",
					"@loader_path/Frameworks",
				);
				PRODUCT_BUNDLE_IDENTIFIER = "com.vladimirbelchenko.Project-3---Is-primeTests";
				PRODUCT_NAME = "$(TARGET_NAME)";
				SWIFT_VERSION = 5.0;
				TARGETED_DEVICE_FAMILY = "1,2";
				TEST_HOST = "$(BUILT_PRODUCTS_DIR)/Project 3 - Is prime.app/Project 3 - Is prime";
			};
			name = Debug;
		};
		D91E8F3F2439BFA200720F6D /* Release */ = {
			isa = XCBuildConfiguration;
			buildSettings = {
				ALWAYS_EMBED_SWIFT_STANDARD_LIBRARIES = YES;
				BUNDLE_LOADER = "$(TEST_HOST)";
				CODE_SIGN_STYLE = Automatic;
				INFOPLIST_FILE = "Project 3 - Is primeTests/Info.plist";
				IPHONEOS_DEPLOYMENT_TARGET = 13.4;
				LD_RUNPATH_SEARCH_PATHS = (
					"$(inherited)",
					"@executable_path/Frameworks",
					"@loader_path/Frameworks",
				);
				PRODUCT_BUNDLE_IDENTIFIER = "com.vladimirbelchenko.Project-3---Is-primeTests";
				PRODUCT_NAME = "$(TARGET_NAME)";
				SWIFT_VERSION = 5.0;
				TARGETED_DEVICE_FAMILY = "1,2";
				TEST_HOST = "$(BUILT_PRODUCTS_DIR)/Project 3 - Is prime.app/Project 3 - Is prime";
			};
			name = Release;
		};
		D91E8F412439BFA200720F6D /* Debug */ = {
			isa = XCBuildConfiguration;
			buildSettings = {
				ALWAYS_EMBED_SWIFT_STANDARD_LIBRARIES = YES;
				CODE_SIGN_STYLE = Automatic;
				INFOPLIST_FILE = "Project 3 - Is primeUITests/Info.plist";
				LD_RUNPATH_SEARCH_PATHS = (
					"$(inherited)",
					"@executable_path/Frameworks",
					"@loader_path/Frameworks",
				);
				PRODUCT_BUNDLE_IDENTIFIER = "com.vladimirbelchenko.Project-3---Is-primeUITests";
				PRODUCT_NAME = "$(TARGET_NAME)";
				SWIFT_VERSION = 5.0;
				TARGETED_DEVICE_FAMILY = "1,2";
				TEST_TARGET_NAME = "Project 3 - Is prime";
			};
			name = Debug;
		};
		D91E8F422439BFA200720F6D /* Release */ = {
			isa = XCBuildConfiguration;
			buildSettings = {
				ALWAYS_EMBED_SWIFT_STANDARD_LIBRARIES = YES;
				CODE_SIGN_STYLE = Automatic;
				INFOPLIST_FILE = "Project 3 - Is primeUITests/Info.plist";
				LD_RUNPATH_SEARCH_PATHS = (
					"$(inherited)",
					"@executable_path/Frameworks",
					"@loader_path/Frameworks",
				);
				PRODUCT_BUNDLE_IDENTIFIER = "com.vladimirbelchenko.Project-3---Is-primeUITests";
				PRODUCT_NAME = "$(TARGET_NAME)";
				SWIFT_VERSION = 5.0;
				TARGETED_DEVICE_FAMILY = "1,2";
				TEST_TARGET_NAME = "Project 3 - Is prime";
			};
			name = Release;
		};
/* End XCBuildConfiguration section */

/* Begin XCConfigurationList section */
		D91E8F0B2439BF9E00720F6D /* Build configuration list for PBXProject "Project 3 - Is prime" */ = {
			isa = XCConfigurationList;
			buildConfigurations = (
				D91E8F382439BFA200720F6D /* Debug */,
				D91E8F392439BFA200720F6D /* Release */,
			);
			defaultConfigurationIsVisible = 0;
			defaultConfigurationName = Release;
		};
		D91E8F3A2439BFA200720F6D /* Build configuration list for PBXNativeTarget "Project 3 - Is prime" */ = {
			isa = XCConfigurationList;
			buildConfigurations = (
				D91E8F3B2439BFA200720F6D /* Debug */,
				D91E8F3C2439BFA200720F6D /* Release */,
			);
			defaultConfigurationIsVisible = 0;
			defaultConfigurationName = Release;
		};
		D91E8F3D2439BFA200720F6D /* Build configuration list for PBXNativeTarget "Project 3 - Is primeTests" */ = {
			isa = XCConfigurationList;
			buildConfigurations = (
				D91E8F3E2439BFA200720F6D /* Debug */,
				D91E8F3F2439BFA200720F6D /* Release */,
			);
			defaultConfigurationIsVisible = 0;
			defaultConfigurationName = Release;
		};
		D91E8F402439BFA200720F6D /* Build configuration list for PBXNativeTarget "Project 3 - Is primeUITests" */ = {
			isa = XCConfigurationList;
			buildConfigurations = (
				D91E8F412439BFA200720F6D /* Debug */,
				D91E8F422439BFA200720F6D /* Release */,
			);
			defaultConfigurationIsVisible = 0;
			defaultConfigurationName = Release;
		};
/* End XCConfigurationList section */
	};
	rootObject = D91E8F082439BF9E00720F6D /* Project object */;
}
